github.com/luishsr/tcpconnector v0.0.0-20230426162227-809f881ebcab h1:fUxGN0AZ1JKz2L0tTVr1+Ttg1RAnKxkapnzt1BE2ygQ=
github.com/luishsr/tcpconnector v0.0.0-20230426162227-809f881ebcab/go.mod h1:evl3wN5FWHvUBUrlsSc79FFLnEoxvS82zkKx2FFIYsA=
github.com/luishsr/tcpconnector v0.0.0-20230426163303-402366b49ca7 h1:SUTaclg1pMUFLQIRh7u0f6NGbagukX+To3oTmSDIV/s=
github.com/luishsr/tcpconnector v0.0.0-20230426163303-402366b49ca7/go.mod h1:evl3wN5FWHvUBUrlsSc79FFLnEoxvS82zkKx2FFIYsA=
